{
  "name": "homework_2",
  "version": "1.0.0",
  "lockfileVersion": 3,
  "requires": true,
  "packages": {
    "": {
      "name": "homework_2",
      "version": "1.0.0",
      "license": "ISC",
      "dependencies": {
        "systemjs": "^6.14.2",
        "uuid": "^9.0.1"
      },
      "devDependencies": {
        "@types/systemjs": "^6.13.2",
        "@types/uuid": "^9.0.4"
      }
    },
    "node_modules/@types/systemjs": {
      "version": "6.13.2",
      "resolved": "https://registry.npmjs.org/@types/systemjs/-/systemjs-6.13.2.tgz",
      "integrity": "sha512-PhwVbo59iXHlcL80tZpu1gw515UDyz6XHuK9SixdoCP274xZxlEROWFU6ZCXkOiiYMBY9MhPy6wNzCBRBYk29w==",
      "dev": true
    },
    "node_modules/@types/uuid": {
      "version": "9.0.4",
      "resolved": "https://registry.npmjs.org/@types/uuid/-/uuid-9.0.4.tgz",
      "integrity": "sha512-zAuJWQflfx6dYJM62vna+Sn5aeSWhh3OB+wfUEACNcqUSc0AGc5JKl+ycL1vrH7frGTXhJchYjE1Hak8L819dA==",
      "dev": true
    },
    "node_modules/systemjs": {
      "version": "6.14.2",
      "resolved": "https://registry.npmjs.org/systemjs/-/systemjs-6.14.2.tgz",
      "integrity": "sha512-1TlOwvKWdXxAY9vba+huLu99zrQURDWA8pUTYsRIYDZYQbGyK+pyEP4h4dlySsqo7ozyJBmYD20F+iUHhAltEg=="
    },
    "node_modules/uuid": {
      "version": "9.0.1",
      "resolved": "https://registry.npmjs.org/uuid/-/uuid-9.0.1.tgz",
      "integrity": "sha512-b+1eJOlsR9K8HJpow9Ok3fiWOWSIcIzXodvv0rQjVoOVNpWMpxf1wZNpt4y9h10odCNrqnYp1OBzRktckBe3sA==",
      "funding": [
        "https://github.com/sponsors/broofa",
        "https://github.com/sponsors/ctavan"
      ],
      "bin": {
        "uuid": "dist/bin/uuid"
      }
    }
  }
}
